
Microsoft Visual Studio Solution File, Format Version 12.00
# Visual Studio Version 16
VisualStudioVersion = 16.0.29503.13
MinimumVisualStudioVersion = 10.0.40219.1
Project("{FAE04EC0-301F-11D3-BF4B-00C04F79EFBC}") = "guia12E3", "guia12E3\guia12E3.csproj", "{5F41A087-1683-4E30-8D71-195C0F0915BC}"
EndProject
Global
	GlobalSection(SolutionConfigurationPlatforms) = preSolution
		Debug|Any CPU = Debug|Any CPU
		Release|Any CPU = Release|Any CPU
	EndGlobalSection
	GlobalSection(ProjectConfigurationPlatforms) = postSolution
		{5F41A087-1683-4E30-8D71-195C0F0915BC}.Debug|Any CPU.ActiveCfg = Debug|Any CPU
		{5F41A087-1683-4E30-8D71-195C0F0915BC}.Debug|Any CPU.Build.0 = Debug|Any CPU
		{5F41A087-1683-4E30-8D71-195C0F0915BC}.Release|Any CPU.ActiveCfg = Release|Any CPU
		{5F41A087-1683-4E30-8D71-195C0F0915BC}.Release|Any CPU.Build.0 = Release|Any CPU
	EndGlobalSection
	GlobalSection(SolutionProperties) = preSolution
		HideSolutionNode = FALSE
	EndGlobalSection
	GlobalSection(ExtensibilityGlobals) = postSolution
		SolutionGuid = {824C8F25-EE3A-4259-B7FB-E6ABCED2661F}
	EndGlobalSection
EndGlobal
